
Microsoft Visual Studio Solution File, Format Version 12.00
# Visual Studio Version 17
VisualStudioVersion = 17.5.33516.290
MinimumVisualStudioVersion = 10.0.40219.1
Project("{FAE04EC0-301F-11D3-BF4B-00C04F79EFBC}") = "ServerSocket", "ServerSocket\ServerSocket.csproj", "{222983D6-6407-4085-86BD-644F7BA8C712}"
EndProject
Global
	GlobalSection(SolutionConfigurationPlatforms) = preSolution
		Debug|Any CPU = Debug|Any CPU
		Release|Any CPU = Release|Any CPU
	EndGlobalSection
	GlobalSection(ProjectConfigurationPlatforms) = postSolution
		{222983D6-6407-4085-86BD-644F7BA8C712}.Debug|Any CPU.ActiveCfg = Debug|Any CPU
		{222983D6-6407-4085-86BD-644F7BA8C712}.Debug|Any CPU.Build.0 = Debug|Any CPU
		{222983D6-6407-4085-86BD-644F7BA8C712}.Release|Any CPU.ActiveCfg = Release|Any CPU
		{222983D6-6407-4085-86BD-644F7BA8C712}.Release|Any CPU.Build.0 = Release|Any CPU
	EndGlobalSection
	GlobalSection(SolutionProperties) = preSolution
		HideSolutionNode = FALSE
	EndGlobalSection
	GlobalSection(ExtensibilityGlobals) = postSolution
		SolutionGuid = {3664D172-B657-4CD1-ABC8-D33762FDEC8D}
	EndGlobalSection
EndGlobal
